
Microsoft Visual Studio Solution File, Format Version 12.00
# Visual Studio Version 16
VisualStudioVersion = 16.0.33920.266
MinimumVisualStudioVersion = 10.0.40219.1
Project("{FAE04EC0-301F-11D3-BF4B-00C04F79EFBC}") = "DataAccess", "DataAccess\DataAccess.csproj", "{E0526C61-0AE7-47A5-9507-9E17F78F9D5D}"
EndProject
Project("{FAE04EC0-301F-11D3-BF4B-00C04F79EFBC}") = "Business", "Business\Business.csproj", "{BFD41E04-172A-41A0-BCEE-FD9ECD11E8BC}"
EndProject
Project("{FAE04EC0-301F-11D3-BF4B-00C04F79EFBC}") = "Entity", "Entity\Entity.csproj", "{09FE1E88-8C04-464F-A489-3FE9B202FF04}"
EndProject
Project("{FAE04EC0-301F-11D3-BF4B-00C04F79EFBC}") = "Core", "Core\Core.csproj", "{DCAE8A27-2159-4AA2-AAF2-14A46BB1A732}"
EndProject
Project("{FAE04EC0-301F-11D3-BF4B-00C04F79EFBC}") = "API", "API\API.csproj", "{B2C5D221-9AE3-41D6-AFDE-286D319DF063}"
EndProject
Project("{FAE04EC0-301F-11D3-BF4B-00C04F79EFBC}") = "UnitTest", "UnitTest\UnitTest.csproj", "{0C00A8F0-27D6-4E2B-BC9D-7F0583C168EA}"
EndProject
Project("{FAE04EC0-301F-11D3-BF4B-00C04F79EFBC}") = "Console", "Console\Console.csproj", "{E7255519-07E1-4EDA-B239-563D0FB11F86}"
EndProject
Project("{FAE04EC0-301F-11D3-BF4B-00C04F79EFBC}") = "AMVC_UI", "UI_MVC\AMVC_UI.csproj", "{10358617-23D9-4126-BFD8-F69A1553DA0A}"
EndProject
Project("{FAE04EC0-301F-11D3-BF4B-00C04F79EFBC}") = "Calismalar", "Calismalar\Calismalar.csproj", "{E2E6BF5B-0C16-48D9-81B4-ADC051DBDA83}"
EndProject
Global
	GlobalSection(SolutionConfigurationPlatforms) = preSolution
		Debug|Any CPU = Debug|Any CPU
		Release|Any CPU = Release|Any CPU
	EndGlobalSection
	GlobalSection(ProjectConfigurationPlatforms) = postSolution
		{E0526C61-0AE7-47A5-9507-9E17F78F9D5D}.Debug|Any CPU.ActiveCfg = Debug|Any CPU
		{E0526C61-0AE7-47A5-9507-9E17F78F9D5D}.Debug|Any CPU.Build.0 = Debug|Any CPU
		{E0526C61-0AE7-47A5-9507-9E17F78F9D5D}.Release|Any CPU.ActiveCfg = Release|Any CPU
		{E0526C61-0AE7-47A5-9507-9E17F78F9D5D}.Release|Any CPU.Build.0 = Release|Any CPU
		{BFD41E04-172A-41A0-BCEE-FD9ECD11E8BC}.Debug|Any CPU.ActiveCfg = Debug|Any CPU
		{BFD41E04-172A-41A0-BCEE-FD9ECD11E8BC}.Debug|Any CPU.Build.0 = Debug|Any CPU
		{BFD41E04-172A-41A0-BCEE-FD9ECD11E8BC}.Release|Any CPU.ActiveCfg = Release|Any CPU
		{BFD41E04-172A-41A0-BCEE-FD9ECD11E8BC}.Release|Any CPU.Build.0 = Release|Any CPU
		{09FE1E88-8C04-464F-A489-3FE9B202FF04}.Debug|Any CPU.ActiveCfg = Debug|Any CPU
		{09FE1E88-8C04-464F-A489-3FE9B202FF04}.Debug|Any CPU.Build.0 = Debug|Any CPU
		{09FE1E88-8C04-464F-A489-3FE9B202FF04}.Release|Any CPU.ActiveCfg = Release|Any CPU
		{09FE1E88-8C04-464F-A489-3FE9B202FF04}.Release|Any CPU.Build.0 = Release|Any CPU
		{DCAE8A27-2159-4AA2-AAF2-14A46BB1A732}.Debug|Any CPU.ActiveCfg = Debug|Any CPU
		{DCAE8A27-2159-4AA2-AAF2-14A46BB1A732}.Debug|Any CPU.Build.0 = Debug|Any CPU
		{DCAE8A27-2159-4AA2-AAF2-14A46BB1A732}.Release|Any CPU.ActiveCfg = Release|Any CPU
		{DCAE8A27-2159-4AA2-AAF2-14A46BB1A732}.Release|Any CPU.Build.0 = Release|Any CPU
		{B2C5D221-9AE3-41D6-AFDE-286D319DF063}.Debug|Any CPU.ActiveCfg = Debug|Any CPU
		{B2C5D221-9AE3-41D6-AFDE-286D319DF063}.Debug|Any CPU.Build.0 = Debug|Any CPU
		{B2C5D221-9AE3-41D6-AFDE-286D319DF063}.Release|Any CPU.ActiveCfg = Release|Any CPU
		{B2C5D221-9AE3-41D6-AFDE-286D319DF063}.Release|Any CPU.Build.0 = Release|Any CPU
		{0C00A8F0-27D6-4E2B-BC9D-7F0583C168EA}.Debug|Any CPU.ActiveCfg = Debug|Any CPU
		{0C00A8F0-27D6-4E2B-BC9D-7F0583C168EA}.Debug|Any CPU.Build.0 = Debug|Any CPU
		{0C00A8F0-27D6-4E2B-BC9D-7F0583C168EA}.Release|Any CPU.ActiveCfg = Release|Any CPU
		{0C00A8F0-27D6-4E2B-BC9D-7F0583C168EA}.Release|Any CPU.Build.0 = Release|Any CPU
		{E7255519-07E1-4EDA-B239-563D0FB11F86}.Debug|Any CPU.ActiveCfg = Debug|Any CPU
		{E7255519-07E1-4EDA-B239-563D0FB11F86}.Debug|Any CPU.Build.0 = Debug|Any CPU
		{E7255519-07E1-4EDA-B239-563D0FB11F86}.Release|Any CPU.ActiveCfg = Release|Any CPU
		{E7255519-07E1-4EDA-B239-563D0FB11F86}.Release|Any CPU.Build.0 = Release|Any CPU
		{10358617-23D9-4126-BFD8-F69A1553DA0A}.Debug|Any CPU.ActiveCfg = Debug|Any CPU
		{10358617-23D9-4126-BFD8-F69A1553DA0A}.Debug|Any CPU.Build.0 = Debug|Any CPU
		{10358617-23D9-4126-BFD8-F69A1553DA0A}.Release|Any CPU.ActiveCfg = Release|Any CPU
		{10358617-23D9-4126-BFD8-F69A1553DA0A}.Release|Any CPU.Build.0 = Release|Any CPU
		{E2E6BF5B-0C16-48D9-81B4-ADC051DBDA83}.Debug|Any CPU.ActiveCfg = Debug|Any CPU
		{E2E6BF5B-0C16-48D9-81B4-ADC051DBDA83}.Debug|Any CPU.Build.0 = Debug|Any CPU
		{E2E6BF5B-0C16-48D9-81B4-ADC051DBDA83}.Release|Any CPU.ActiveCfg = Release|Any CPU
		{E2E6BF5B-0C16-48D9-81B4-ADC051DBDA83}.Release|Any CPU.Build.0 = Release|Any CPU
	EndGlobalSection
	GlobalSection(SolutionProperties) = preSolution
		HideSolutionNode = FALSE
	EndGlobalSection
	GlobalSection(ExtensibilityGlobals) = postSolution
		SolutionGuid = {57C2114E-3CF9-4C85-ABCB-73DE7FC9CB34}
	EndGlobalSection
EndGlobal
