
Microsoft Visual Studio Solution File, Format Version 12.00
# Visual Studio Version 16
VisualStudioVersion = 16.0.33920.266
MinimumVisualStudioVersion = 10.0.40219.1
Project("{FAE04EC0-301F-11D3-BF4B-00C04F79EFBC}") = "DataAccess", "DataAccess\DataAccess.csproj", "{E0526C61-0AE7-47A5-9507-9E17F78F9D5D}"
EndProject
Project("{2150E333-8FDC-42A3-9474-1A3956D46DE8}") = "Calismalar", "Calismalar", "{DD55ED81-F03F-4B7E-8B1E-518C11313D90}"
EndProject
Global
	GlobalSection(SolutionConfigurationPlatforms) = preSolution
		Debug|Any CPU = Debug|Any CPU
		Release|Any CPU = Release|Any CPU
	EndGlobalSection
	GlobalSection(ProjectConfigurationPlatforms) = postSolution
		{E0526C61-0AE7-47A5-9507-9E17F78F9D5D}.Debug|Any CPU.ActiveCfg = Debug|Any CPU
		{E0526C61-0AE7-47A5-9507-9E17F78F9D5D}.Debug|Any CPU.Build.0 = Debug|Any CPU
		{E0526C61-0AE7-47A5-9507-9E17F78F9D5D}.Release|Any CPU.ActiveCfg = Release|Any CPU
		{E0526C61-0AE7-47A5-9507-9E17F78F9D5D}.Release|Any CPU.Build.0 = Release|Any CPU
	EndGlobalSection
	GlobalSection(SolutionProperties) = preSolution
		HideSolutionNode = FALSE
	EndGlobalSection
	GlobalSection(ExtensibilityGlobals) = postSolution
		SolutionGuid = {57C2114E-3CF9-4C85-ABCB-73DE7FC9CB34}
	EndGlobalSection
EndGlobal
